
Microsoft Visual Studio Solution File, Format Version 12.00
# Visual Studio Version 17
VisualStudioVersion = 17.11.35222.181
MinimumVisualStudioVersion = 10.0.40219.1
Project("{FAE04EC0-301F-11D3-BF4B-00C04F79EFBC}") = "IdeiaProj1", "IdeiaProj1\IdeiaProj1.csproj", "{F02097CE-743B-4FE4-9E1A-AD8E7DF5B156}"
EndProject
Global
	GlobalSection(SolutionConfigurationPlatforms) = preSolution
		Debug|Any CPU = Debug|Any CPU
		Release|Any CPU = Release|Any CPU
	EndGlobalSection
	GlobalSection(ProjectConfigurationPlatforms) = postSolution
		{F02097CE-743B-4FE4-9E1A-AD8E7DF5B156}.Debug|Any CPU.ActiveCfg = Debug|Any CPU
		{F02097CE-743B-4FE4-9E1A-AD8E7DF5B156}.Debug|Any CPU.Build.0 = Debug|Any CPU
		{F02097CE-743B-4FE4-9E1A-AD8E7DF5B156}.Release|Any CPU.ActiveCfg = Release|Any CPU
		{F02097CE-743B-4FE4-9E1A-AD8E7DF5B156}.Release|Any CPU.Build.0 = Release|Any CPU
	EndGlobalSection
	GlobalSection(SolutionProperties) = preSolution
		HideSolutionNode = FALSE
	EndGlobalSection
	GlobalSection(ExtensibilityGlobals) = postSolution
		SolutionGuid = {F53D0077-777C-406E-91E2-89551CBBECF2}
	EndGlobalSection
EndGlobal
